
Microsoft Visual Studio Solution File, Format Version 12.00
# Visual Studio 15
VisualStudioVersion = 15.0.27004.2010
MinimumVisualStudioVersion = 10.0.40219.1
Project("{9A19103F-16F7-4668-BE54-9A1E7A4F7556}") = "Yaapii.Http", "src\Yaapii.Http\Yaapii.Http.csproj", "{0C50CF79-8B01-43DF-B3A6-9E4D791A7225}"
EndProject
Project("{2150E333-8FDC-42A3-9474-1A3956D46DE8}") = "Assets", "Assets", "{168672DF-876C-4C0B-8635-AB0D6E0C50D3}"
	ProjectSection(SolutionItems) = preProject
		.gitignore = .gitignore
		appveyor.yml = appveyor.yml
		build.cake = build.cake
		build.ps1 = build.ps1
	EndProjectSection
EndProject
Global
	GlobalSection(SolutionConfigurationPlatforms) = preSolution
		Debug|Any CPU = Debug|Any CPU
		Release|Any CPU = Release|Any CPU
	EndGlobalSection
	GlobalSection(ProjectConfigurationPlatforms) = postSolution
		{0C50CF79-8B01-43DF-B3A6-9E4D791A7225}.Debug|Any CPU.ActiveCfg = Debug|Any CPU
		{0C50CF79-8B01-43DF-B3A6-9E4D791A7225}.Debug|Any CPU.Build.0 = Debug|Any CPU
		{0C50CF79-8B01-43DF-B3A6-9E4D791A7225}.Release|Any CPU.ActiveCfg = Release|Any CPU
		{0C50CF79-8B01-43DF-B3A6-9E4D791A7225}.Release|Any CPU.Build.0 = Release|Any CPU
	EndGlobalSection
	GlobalSection(SolutionProperties) = preSolution
		HideSolutionNode = FALSE
	EndGlobalSection
	GlobalSection(ExtensibilityGlobals) = postSolution
		SolutionGuid = {8128F26D-3FDA-47A1-BE32-361AE1486E02}
	EndGlobalSection
EndGlobal
